// !$*UTF8*$!
{
	archiveVersion = 1;
	classes = {
	};
	objectVersion = 55;
	objects = {

/* Begin PBXBuildFile section */
		FE2EF8BE27D5059100EFEA40 /* UmbrellaApp.swift in Sources */ = {isa = PBXBuildFile; fileRef = FE2EF8BD27D5059100EFEA40 /* UmbrellaApp.swift */; };
		FE2EF8C227D5059300EFEA40 /* Assets.xcassets in Resources */ = {isa = PBXBuildFile; fileRef = FE2EF8C127D5059300EFEA40 /* Assets.xcassets */; };
		FE2EF8C527D5059300EFEA40 /* Preview Assets.xcassets in Resources */ = {isa = PBXBuildFile; fileRef = FE2EF8C427D5059300EFEA40 /* Preview Assets.xcassets */; };
		FE2EF8CF27D5059300EFEA40 /* UmbrellaTests.swift in Sources */ = {isa = PBXBuildFile; fileRef = FE2EF8CE27D5059300EFEA40 /* UmbrellaTests.swift */; };
		FE2EF8D927D5059300EFEA40 /* UmbrellaUITests.swift in Sources */ = {isa = PBXBuildFile; fileRef = FE2EF8D827D5059300EFEA40 /* UmbrellaUITests.swift */; };
		FE2EF8DB27D5059300EFEA40 /* UmbrellaUITestsLaunchTests.swift in Sources */ = {isa = PBXBuildFile; fileRef = FE2EF8DA27D5059300EFEA40 /* UmbrellaUITestsLaunchTests.swift */; };
		FE2EF8EA27D50E0800EFEA40 /* Launch Screen.storyboard in Resources */ = {isa = PBXBuildFile; fileRef = FE2EF8E927D50E0800EFEA40 /* Launch Screen.storyboard */; };
		FE2EF8EE27D5187600EFEA40 /* DaysListView.swift in Sources */ = {isa = PBXBuildFile; fileRef = FE2EF8ED27D5187600EFEA40 /* DaysListView.swift */; };
		FE2EF8F127D51ADD00EFEA40 /* DayCellView.swift in Sources */ = {isa = PBXBuildFile; fileRef = FE2EF8F027D51ADD00EFEA40 /* DayCellView.swift */; };
		FE2EF8F327D51C3800EFEA40 /* DayCellViewModel.swift in Sources */ = {isa = PBXBuildFile; fileRef = FE2EF8F227D51C3800EFEA40 /* DayCellViewModel.swift */; };
		FE2EF8F827D52BA100EFEA40 /* DaysListPresenter.swift in Sources */ = {isa = PBXBuildFile; fileRef = FE2EF8F727D52BA100EFEA40 /* DaysListPresenter.swift */; };
		FE2EF8FA27D52D6900EFEA40 /* DaysListViewState.swift in Sources */ = {isa = PBXBuildFile; fileRef = FE2EF8F927D52D6900EFEA40 /* DaysListViewState.swift */; };
		FE2EF90127D5509200EFEA40 /* WeatherRepository.swift in Sources */ = {isa = PBXBuildFile; fileRef = FE2EF90027D5509200EFEA40 /* WeatherRepository.swift */; };
		FE2EF90327D550D700EFEA40 /* ApiConfiguration.swift in Sources */ = {isa = PBXBuildFile; fileRef = FE2EF90227D550D700EFEA40 /* ApiConfiguration.swift */; };
		FE2EF90627D5528B00EFEA40 /* WeatherResponse.swift in Sources */ = {isa = PBXBuildFile; fileRef = FE2EF90527D5528B00EFEA40 /* WeatherResponse.swift */; };
/* End PBXBuildFile section */

/* Begin PBXContainerItemProxy section */
		FE2EF8CB27D5059300EFEA40 /* PBXContainerItemProxy */ = {
			isa = PBXContainerItemProxy;
			containerPortal = FE2EF8B227D5059100EFEA40 /* Project object */;
			proxyType = 1;
			remoteGlobalIDString = FE2EF8B927D5059100EFEA40;
			remoteInfo = Umbrella;
		};
		FE2EF8D527D5059300EFEA40 /* PBXContainerItemProxy */ = {
			isa = PBXContainerItemProxy;
			containerPortal = FE2EF8B227D5059100EFEA40 /* Project object */;
			proxyType = 1;
			remoteGlobalIDString = FE2EF8B927D5059100EFEA40;
			remoteInfo = Umbrella;
		};
/* End PBXContainerItemProxy section */

/* Begin PBXFileReference section */
		FE2EF8BA27D5059100EFEA40 /* Umbrella.app */ = {isa = PBXFileReference; explicitFileType = wrapper.application; includeInIndex = 0; path = Umbrella.app; sourceTree = BUILT_PRODUCTS_DIR; };
		FE2EF8BD27D5059100EFEA40 /* UmbrellaApp.swift */ = {isa = PBXFileReference; lastKnownFileType = sourcecode.swift; path = UmbrellaApp.swift; sourceTree = "<group>"; };
		FE2EF8C127D5059300EFEA40 /* Assets.xcassets */ = {isa = PBXFileReference; lastKnownFileType = folder.assetcatalog; path = Assets.xcassets; sourceTree = "<group>"; };
		FE2EF8C427D5059300EFEA40 /* Preview Assets.xcassets */ = {isa = PBXFileReference; lastKnownFileType = folder.assetcatalog; path = "Preview Assets.xcassets"; sourceTree = "<group>"; };
		FE2EF8CA27D5059300EFEA40 /* UmbrellaTests.xctest */ = {isa = PBXFileReference; explicitFileType = wrapper.cfbundle; includeInIndex = 0; path = UmbrellaTests.xctest; sourceTree = BUILT_PRODUCTS_DIR; };
		FE2EF8CE27D5059300EFEA40 /* UmbrellaTests.swift */ = {isa = PBXFileReference; lastKnownFileType = sourcecode.swift; path = UmbrellaTests.swift; sourceTree = "<group>"; };
		FE2EF8D427D5059300EFEA40 /* UmbrellaUITests.xctest */ = {isa = PBXFileReference; explicitFileType = wrapper.cfbundle; includeInIndex = 0; path = UmbrellaUITests.xctest; sourceTree = BUILT_PRODUCTS_DIR; };
		FE2EF8D827D5059300EFEA40 /* UmbrellaUITests.swift */ = {isa = PBXFileReference; lastKnownFileType = sourcecode.swift; path = UmbrellaUITests.swift; sourceTree = "<group>"; };
		FE2EF8DA27D5059300EFEA40 /* UmbrellaUITestsLaunchTests.swift */ = {isa = PBXFileReference; lastKnownFileType = sourcecode.swift; path = UmbrellaUITestsLaunchTests.swift; sourceTree = "<group>"; };
		FE2EF8E927D50E0800EFEA40 /* Launch Screen.storyboard */ = {isa = PBXFileReference; lastKnownFileType = file.storyboard; path = "Launch Screen.storyboard"; sourceTree = "<group>"; };
		FE2EF8ED27D5187600EFEA40 /* DaysListView.swift */ = {isa = PBXFileReference; lastKnownFileType = sourcecode.swift; path = DaysListView.swift; sourceTree = "<group>"; };
		FE2EF8F027D51ADD00EFEA40 /* DayCellView.swift */ = {isa = PBXFileReference; lastKnownFileType = sourcecode.swift; path = DayCellView.swift; sourceTree = "<group>"; };
		FE2EF8F227D51C3800EFEA40 /* DayCellViewModel.swift */ = {isa = PBXFileReference; lastKnownFileType = sourcecode.swift; path = DayCellViewModel.swift; sourceTree = "<group>"; };
		FE2EF8F727D52BA100EFEA40 /* DaysListPresenter.swift */ = {isa = PBXFileReference; lastKnownFileType = sourcecode.swift; path = DaysListPresenter.swift; sourceTree = "<group>"; };
		FE2EF8F927D52D6900EFEA40 /* DaysListViewState.swift */ = {isa = PBXFileReference; lastKnownFileType = sourcecode.swift; path = DaysListViewState.swift; sourceTree = "<group>"; };
		FE2EF90027D5509200EFEA40 /* WeatherRepository.swift */ = {isa = PBXFileReference; lastKnownFileType = sourcecode.swift; path = WeatherRepository.swift; sourceTree = "<group>"; };
		FE2EF90227D550D700EFEA40 /* ApiConfiguration.swift */ = {isa = PBXFileReference; lastKnownFileType = sourcecode.swift; path = ApiConfiguration.swift; sourceTree = "<group>"; };
		FE2EF90527D5528B00EFEA40 /* WeatherResponse.swift */ = {isa = PBXFileReference; lastKnownFileType = sourcecode.swift; path = WeatherResponse.swift; sourceTree = "<group>"; };
/* End PBXFileReference section */

/* Begin PBXFrameworksBuildPhase section */
		FE2EF8B727D5059100EFEA40 /* Frameworks */ = {
			isa = PBXFrameworksBuildPhase;
			buildActionMask = 2147483647;
			files = (
			);
			runOnlyForDeploymentPostprocessing = 0;
		};
		FE2EF8C727D5059300EFEA40 /* Frameworks */ = {
			isa = PBXFrameworksBuildPhase;
			buildActionMask = 2147483647;
			files = (
			);
			runOnlyForDeploymentPostprocessing = 0;
		};
		FE2EF8D127D5059300EFEA40 /* Frameworks */ = {
			isa = PBXFrameworksBuildPhase;
			buildActionMask = 2147483647;
			files = (
			);
			runOnlyForDeploymentPostprocessing = 0;
		};
/* End PBXFrameworksBuildPhase section */

/* Begin PBXGroup section */
		FE2EF8B127D5059100EFEA40 = {
			isa = PBXGroup;
			children = (
				FE2EF8BC27D5059100EFEA40 /* Umbrella */,
				FE2EF8CD27D5059300EFEA40 /* UmbrellaTests */,
				FE2EF8D727D5059300EFEA40 /* UmbrellaUITests */,
				FE2EF8BB27D5059100EFEA40 /* Products */,
			);
			sourceTree = "<group>";
		};
		FE2EF8BB27D5059100EFEA40 /* Products */ = {
			isa = PBXGroup;
			children = (
				FE2EF8BA27D5059100EFEA40 /* Umbrella.app */,
				FE2EF8CA27D5059300EFEA40 /* UmbrellaTests.xctest */,
				FE2EF8D427D5059300EFEA40 /* UmbrellaUITests.xctest */,
			);
			name = Products;
			sourceTree = "<group>";
		};
		FE2EF8BC27D5059100EFEA40 /* Umbrella */ = {
			isa = PBXGroup;
			children = (
				FE2EF8EB27D5121A00EFEA40 /* Repositories */,
				FE2EF8E827D50AF500EFEA40 /* Screens */,
				FE2EF8E727D507EC00EFEA40 /* Ressources */,
				FE2EF8BD27D5059100EFEA40 /* UmbrellaApp.swift */,
				FE2EF8C327D5059300EFEA40 /* Preview Content */,
			);
			path = Umbrella;
			sourceTree = "<group>";
		};
		FE2EF8C327D5059300EFEA40 /* Preview Content */ = {
			isa = PBXGroup;
			children = (
				FE2EF8C427D5059300EFEA40 /* Preview Assets.xcassets */,
			);
			path = "Preview Content";
			sourceTree = "<group>";
		};
		FE2EF8CD27D5059300EFEA40 /* UmbrellaTests */ = {
			isa = PBXGroup;
			children = (
				FE2EF8CE27D5059300EFEA40 /* UmbrellaTests.swift */,
			);
			path = UmbrellaTests;
			sourceTree = "<group>";
		};
		FE2EF8D727D5059300EFEA40 /* UmbrellaUITests */ = {
			isa = PBXGroup;
			children = (
				FE2EF8D827D5059300EFEA40 /* UmbrellaUITests.swift */,
				FE2EF8DA27D5059300EFEA40 /* UmbrellaUITestsLaunchTests.swift */,
			);
			path = UmbrellaUITests;
			sourceTree = "<group>";
		};
		FE2EF8E727D507EC00EFEA40 /* Ressources */ = {
			isa = PBXGroup;
			children = (
				FE2EF8E927D50E0800EFEA40 /* Launch Screen.storyboard */,
				FE2EF8C127D5059300EFEA40 /* Assets.xcassets */,
			);
			path = Ressources;
			sourceTree = "<group>";
		};
		FE2EF8E827D50AF500EFEA40 /* Screens */ = {
			isa = PBXGroup;
			children = (
				FE2EF8EC27D5185C00EFEA40 /* DaysListScreen */,
			);
			path = Screens;
			sourceTree = "<group>";
		};
		FE2EF8EB27D5121A00EFEA40 /* Repositories */ = {
			isa = PBXGroup;
			children = (
				FE2EF90427D5526900EFEA40 /* WeatherRequest */,
				FE2EF90227D550D700EFEA40 /* ApiConfiguration.swift */,
			);
			path = Repositories;
			sourceTree = "<group>";
		};
		FE2EF8EC27D5185C00EFEA40 /* DaysListScreen */ = {
			isa = PBXGroup;
			children = (
				FE2EF8EF27D51AB900EFEA40 /* DayCell */,
				FE2EF8ED27D5187600EFEA40 /* DaysListView.swift */,
				FE2EF8F727D52BA100EFEA40 /* DaysListPresenter.swift */,
				FE2EF8F927D52D6900EFEA40 /* DaysListViewState.swift */,
			);
			path = DaysListScreen;
			sourceTree = "<group>";
		};
		FE2EF8EF27D51AB900EFEA40 /* DayCell */ = {
			isa = PBXGroup;
			children = (
				FE2EF8F027D51ADD00EFEA40 /* DayCellView.swift */,
				FE2EF8F227D51C3800EFEA40 /* DayCellViewModel.swift */,
			);
			path = DayCell;
			sourceTree = "<group>";
		};
		FE2EF90427D5526900EFEA40 /* WeatherRequest */ = {
			isa = PBXGroup;
			children = (
				FE2EF90027D5509200EFEA40 /* WeatherRepository.swift */,
				FE2EF90527D5528B00EFEA40 /* WeatherResponse.swift */,
			);
			path = WeatherRequest;
			sourceTree = "<group>";
		};
/* End PBXGroup section */

/* Begin PBXNativeTarget section */
		FE2EF8B927D5059100EFEA40 /* Umbrella */ = {
			isa = PBXNativeTarget;
			buildConfigurationList = FE2EF8DE27D5059300EFEA40 /* Build configuration list for PBXNativeTarget "Umbrella" */;
			buildPhases = (
				FE2EF8B627D5059100EFEA40 /* Sources */,
				FE2EF8B727D5059100EFEA40 /* Frameworks */,
				FE2EF8B827D5059100EFEA40 /* Resources */,
			);
			buildRules = (
			);
			dependencies = (
			);
			name = Umbrella;
			productName = Umbrella;
			productReference = FE2EF8BA27D5059100EFEA40 /* Umbrella.app */;
			productType = "com.apple.product-type.application";
		};
		FE2EF8C927D5059300EFEA40 /* UmbrellaTests */ = {
			isa = PBXNativeTarget;
			buildConfigurationList = FE2EF8E127D5059300EFEA40 /* Build configuration list for PBXNativeTarget "UmbrellaTests" */;
			buildPhases = (
				FE2EF8C627D5059300EFEA40 /* Sources */,
				FE2EF8C727D5059300EFEA40 /* Frameworks */,
				FE2EF8C827D5059300EFEA40 /* Resources */,
			);
			buildRules = (
			);
			dependencies = (
				FE2EF8CC27D5059300EFEA40 /* PBXTargetDependency */,
			);
			name = UmbrellaTests;
			productName = UmbrellaTests;
			productReference = FE2EF8CA27D5059300EFEA40 /* UmbrellaTests.xctest */;
			productType = "com.apple.product-type.bundle.unit-test";
		};
		FE2EF8D327D5059300EFEA40 /* UmbrellaUITests */ = {
			isa = PBXNativeTarget;
			buildConfigurationList = FE2EF8E427D5059300EFEA40 /* Build configuration list for PBXNativeTarget "UmbrellaUITests" */;
			buildPhases = (
				FE2EF8D027D5059300EFEA40 /* Sources */,
				FE2EF8D127D5059300EFEA40 /* Frameworks */,
				FE2EF8D227D5059300EFEA40 /* Resources */,
			);
			buildRules = (
			);
			dependencies = (
				FE2EF8D627D5059300EFEA40 /* PBXTargetDependency */,
			);
			name = UmbrellaUITests;
			productName = UmbrellaUITests;
			productReference = FE2EF8D427D5059300EFEA40 /* UmbrellaUITests.xctest */;
			productType = "com.apple.product-type.bundle.ui-testing";
		};
/* End PBXNativeTarget section */

/* Begin PBXProject section */
		FE2EF8B227D5059100EFEA40 /* Project object */ = {
			isa = PBXProject;
			attributes = {
				BuildIndependentTargetsInParallel = 1;
				LastSwiftUpdateCheck = 1320;
				LastUpgradeCheck = 1320;
				TargetAttributes = {
					FE2EF8B927D5059100EFEA40 = {
						CreatedOnToolsVersion = 13.2.1;
					};
					FE2EF8C927D5059300EFEA40 = {
						CreatedOnToolsVersion = 13.2.1;
						TestTargetID = FE2EF8B927D5059100EFEA40;
					};
					FE2EF8D327D5059300EFEA40 = {
						CreatedOnToolsVersion = 13.2.1;
						TestTargetID = FE2EF8B927D5059100EFEA40;
					};
				};
			};
			buildConfigurationList = FE2EF8B527D5059100EFEA40 /* Build configuration list for PBXProject "Umbrella" */;
			compatibilityVersion = "Xcode 13.0";
			developmentRegion = en;
			hasScannedForEncodings = 0;
			knownRegions = (
				en,
				Base,
			);
			mainGroup = FE2EF8B127D5059100EFEA40;
			productRefGroup = FE2EF8BB27D5059100EFEA40 /* Products */;
			projectDirPath = "";
			projectRoot = "";
			targets = (
				FE2EF8B927D5059100EFEA40 /* Umbrella */,
				FE2EF8C927D5059300EFEA40 /* UmbrellaTests */,
				FE2EF8D327D5059300EFEA40 /* UmbrellaUITests */,
			);
		};
/* End PBXProject section */

/* Begin PBXResourcesBuildPhase section */
		FE2EF8B827D5059100EFEA40 /* Resources */ = {
			isa = PBXResourcesBuildPhase;
			buildActionMask = 2147483647;
			files = (
				FE2EF8EA27D50E0800EFEA40 /* Launch Screen.storyboard in Resources */,
				FE2EF8C527D5059300EFEA40 /* Preview Assets.xcassets in Resources */,
				FE2EF8C227D5059300EFEA40 /* Assets.xcassets in Resources */,
			);
			runOnlyForDeploymentPostprocessing = 0;
		};
		FE2EF8C827D5059300EFEA40 /* Resources */ = {
			isa = PBXResourcesBuildPhase;
			buildActionMask = 2147483647;
			files = (
			);
			runOnlyForDeploymentPostprocessing = 0;
		};
		FE2EF8D227D5059300EFEA40 /* Resources */ = {
			isa = PBXResourcesBuildPhase;
			buildActionMask = 2147483647;
			files = (
			);
			runOnlyForDeploymentPostprocessing = 0;
		};
/* End PBXResourcesBuildPhase section */

/* Begin PBXSourcesBuildPhase section */
		FE2EF8B627D5059100EFEA40 /* Sources */ = {
			isa = PBXSourcesBuildPhase;
			buildActionMask = 2147483647;
			files = (
				FE2EF8F327D51C3800EFEA40 /* DayCellViewModel.swift in Sources */,
				FE2EF8FA27D52D6900EFEA40 /* DaysListViewState.swift in Sources */,
				FE2EF90327D550D700EFEA40 /* ApiConfiguration.swift in Sources */,
				FE2EF90127D5509200EFEA40 /* WeatherRepository.swift in Sources */,
				FE2EF8F827D52BA100EFEA40 /* DaysListPresenter.swift in Sources */,
				FE2EF8EE27D5187600EFEA40 /* DaysListView.swift in Sources */,
				FE2EF8F127D51ADD00EFEA40 /* DayCellView.swift in Sources */,
				FE2EF90627D5528B00EFEA40 /* WeatherResponse.swift in Sources */,
				FE2EF8BE27D5059100EFEA40 /* UmbrellaApp.swift in Sources */,
			);
			runOnlyForDeploymentPostprocessing = 0;
		};
		FE2EF8C627D5059300EFEA40 /* Sources */ = {
			isa = PBXSourcesBuildPhase;
			buildActionMask = 2147483647;
			files = (
				FE2EF8CF27D5059300EFEA40 /* UmbrellaTests.swift in Sources */,
			);
			runOnlyForDeploymentPostprocessing = 0;
		};
		FE2EF8D027D5059300EFEA40 /* Sources */ = {
			isa = PBXSourcesBuildPhase;
			buildActionMask = 2147483647;
			files = (
				FE2EF8DB27D5059300EFEA40 /* UmbrellaUITestsLaunchTests.swift in Sources */,
				FE2EF8D927D5059300EFEA40 /* UmbrellaUITests.swift in Sources */,
			);
			runOnlyForDeploymentPostprocessing = 0;
		};
/* End PBXSourcesBuildPhase section */

/* Begin PBXTargetDependency section */
		FE2EF8CC27D5059300EFEA40 /* PBXTargetDependency */ = {
			isa = PBXTargetDependency;
			target = FE2EF8B927D5059100EFEA40 /* Umbrella */;
			targetProxy = FE2EF8CB27D5059300EFEA40 /* PBXContainerItemProxy */;
		};
		FE2EF8D627D5059300EFEA40 /* PBXTargetDependency */ = {
			isa = PBXTargetDependency;
			target = FE2EF8B927D5059100EFEA40 /* Umbrella */;
			targetProxy = FE2EF8D527D5059300EFEA40 /* PBXContainerItemProxy */;
		};
/* End PBXTargetDependency section */

/* Begin XCBuildConfiguration section */
		FE2EF8DC27D5059300EFEA40 /* Debug */ = {
			isa = XCBuildConfiguration;
			buildSettings = {
				ALWAYS_SEARCH_USER_PATHS = NO;
				CLANG_ANALYZER_NONNULL = YES;
				CLANG_ANALYZER_NUMBER_OBJECT_CONVERSION = YES_AGGRESSIVE;
				CLANG_CXX_LANGUAGE_STANDARD = "gnu++17";
				CLANG_CXX_LIBRARY = "libc++";
				CLANG_ENABLE_MODULES = YES;
				CLANG_ENABLE_OBJC_ARC = YES;
				CLANG_ENABLE_OBJC_WEAK = YES;
				CLANG_WARN_BLOCK_CAPTURE_AUTORELEASING = YES;
				CLANG_WARN_BOOL_CONVERSION = YES;
				CLANG_WARN_COMMA = YES;
				CLANG_WARN_CONSTANT_CONVERSION = YES;
				CLANG_WARN_DEPRECATED_OBJC_IMPLEMENTATIONS = YES;
				CLANG_WARN_DIRECT_OBJC_ISA_USAGE = YES_ERROR;
				CLANG_WARN_DOCUMENTATION_COMMENTS = YES;
				CLANG_WARN_EMPTY_BODY = YES;
				CLANG_WARN_ENUM_CONVERSION = YES;
				CLANG_WARN_INFINITE_RECURSION = YES;
				CLANG_WARN_INT_CONVERSION = YES;
				CLANG_WARN_NON_LITERAL_NULL_CONVERSION = YES;
				CLANG_WARN_OBJC_IMPLICIT_RETAIN_SELF = YES;
				CLANG_WARN_OBJC_LITERAL_CONVERSION = YES;
				CLANG_WARN_OBJC_ROOT_CLASS = YES_ERROR;
				CLANG_WARN_QUOTED_INCLUDE_IN_FRAMEWORK_HEADER = YES;
				CLANG_WARN_RANGE_LOOP_ANALYSIS = YES;
				CLANG_WARN_STRICT_PROTOTYPES = YES;
				CLANG_WARN_SUSPICIOUS_MOVE = YES;
				CLANG_WARN_UNGUARDED_AVAILABILITY = YES_AGGRESSIVE;
				CLANG_WARN_UNREACHABLE_CODE = YES;
				CLANG_WARN__DUPLICATE_METHOD_MATCH = YES;
				COPY_PHASE_STRIP = NO;
				DEBUG_INFORMATION_FORMAT = dwarf;
				ENABLE_STRICT_OBJC_MSGSEND = YES;
				ENABLE_TESTABILITY = YES;
				GCC_C_LANGUAGE_STANDARD = gnu11;
				GCC_DYNAMIC_NO_PIC = NO;
				GCC_NO_COMMON_BLOCKS = YES;
				GCC_OPTIMIZATION_LEVEL = 0;
				GCC_PREPROCESSOR_DEFINITIONS = (
					"DEBUG=1",
					"$(inherited)",
				);
				GCC_WARN_64_TO_32_BIT_CONVERSION = YES;
				GCC_WARN_ABOUT_RETURN_TYPE = YES_ERROR;
				GCC_WARN_UNDECLARED_SELECTOR = YES;
				GCC_WARN_UNINITIALIZED_AUTOS = YES_AGGRESSIVE;
				GCC_WARN_UNUSED_FUNCTION = YES;
				GCC_WARN_UNUSED_VARIABLE = YES;
				IPHONEOS_DEPLOYMENT_TARGET = 15.2;
				MTL_ENABLE_DEBUG_INFO = INCLUDE_SOURCE;
				MTL_FAST_MATH = YES;
				ONLY_ACTIVE_ARCH = YES;
				SDKROOT = iphoneos;
				SWIFT_ACTIVE_COMPILATION_CONDITIONS = DEBUG;
				SWIFT_OPTIMIZATION_LEVEL = "-Onone";
			};
			name = Debug;
		};
		FE2EF8DD27D5059300EFEA40 /* Release */ = {
			isa = XCBuildConfiguration;
			buildSettings = {
				ALWAYS_SEARCH_USER_PATHS = NO;
				CLANG_ANALYZER_NONNULL = YES;
				CLANG_ANALYZER_NUMBER_OBJECT_CONVERSION = YES_AGGRESSIVE;
				CLANG_CXX_LANGUAGE_STANDARD = "gnu++17";
				CLANG_CXX_LIBRARY = "libc++";
				CLANG_ENABLE_MODULES = YES;
				CLANG_ENABLE_OBJC_ARC = YES;
				CLANG_ENABLE_OBJC_WEAK = YES;
				CLANG_WARN_BLOCK_CAPTURE_AUTORELEASING = YES;
				CLANG_WARN_BOOL_CONVERSION = YES;
				CLANG_WARN_COMMA = YES;
				CLANG_WARN_CONSTANT_CONVERSION = YES;
				CLANG_WARN_DEPRECATED_OBJC_IMPLEMENTATIONS = YES;
				CLANG_WARN_DIRECT_OBJC_ISA_USAGE = YES_ERROR;
				CLANG_WARN_DOCUMENTATION_COMMENTS = YES;
				CLANG_WARN_EMPTY_BODY = YES;
				CLANG_WARN_ENUM_CONVERSION = YES;
				CLANG_WARN_INFINITE_RECURSION = YES;
				CLANG_WARN_INT_CONVERSION = YES;
				CLANG_WARN_NON_LITERAL_NULL_CONVERSION = YES;
				CLANG_WARN_OBJC_IMPLICIT_RETAIN_SELF = YES;
				CLANG_WARN_OBJC_LITERAL_CONVERSION = YES;
				CLANG_WARN_OBJC_ROOT_CLASS = YES_ERROR;
				CLANG_WARN_QUOTED_INCLUDE_IN_FRAMEWORK_HEADER = YES;
				CLANG_WARN_RANGE_LOOP_ANALYSIS = YES;
				CLANG_WARN_STRICT_PROTOTYPES = YES;
				CLANG_WARN_SUSPICIOUS_MOVE = YES;
				CLANG_WARN_UNGUARDED_AVAILABILITY = YES_AGGRESSIVE;
				CLANG_WARN_UNREACHABLE_CODE = YES;
				CLANG_WARN__DUPLICATE_METHOD_MATCH = YES;
				COPY_PHASE_STRIP = NO;
				DEBUG_INFORMATION_FORMAT = "dwarf-with-dsym";
				ENABLE_NS_ASSERTIONS = NO;
				ENABLE_STRICT_OBJC_MSGSEND = YES;
				GCC_C_LANGUAGE_STANDARD = gnu11;
				GCC_NO_COMMON_BLOCKS = YES;
				GCC_WARN_64_TO_32_BIT_CONVERSION = YES;
				GCC_WARN_ABOUT_RETURN_TYPE = YES_ERROR;
				GCC_WARN_UNDECLARED_SELECTOR = YES;
				GCC_WARN_UNINITIALIZED_AUTOS = YES_AGGRESSIVE;
				GCC_WARN_UNUSED_FUNCTION = YES;
				GCC_WARN_UNUSED_VARIABLE = YES;
				IPHONEOS_DEPLOYMENT_TARGET = 15.2;
				MTL_ENABLE_DEBUG_INFO = NO;
				MTL_FAST_MATH = YES;
				SDKROOT = iphoneos;
				SWIFT_COMPILATION_MODE = wholemodule;
				SWIFT_OPTIMIZATION_LEVEL = "-O";
				VALIDATE_PRODUCT = YES;
			};
			name = Release;
		};
		FE2EF8DF27D5059300EFEA40 /* Debug */ = {
			isa = XCBuildConfiguration;
			buildSettings = {
				ASSETCATALOG_COMPILER_APPICON_NAME = AppIcon;
				ASSETCATALOG_COMPILER_GLOBAL_ACCENT_COLOR_NAME = AccentColor;
				CODE_SIGN_STYLE = Automatic;
				CURRENT_PROJECT_VERSION = 1;
				DEVELOPMENT_ASSET_PATHS = "\"Umbrella/Preview Content\"";
				ENABLE_PREVIEWS = YES;
				GENERATE_INFOPLIST_FILE = YES;
				INFOPLIST_KEY_UIApplicationSceneManifest_Generation = YES;
				INFOPLIST_KEY_UIApplicationSupportsIndirectInputEvents = YES;
				INFOPLIST_KEY_UILaunchScreen_Generation = YES;
				INFOPLIST_KEY_UILaunchStoryboardName = "Launch Screen";
				INFOPLIST_KEY_UISupportedInterfaceOrientations_iPad = "UIInterfaceOrientationPortrait UIInterfaceOrientationPortraitUpsideDown UIInterfaceOrientationLandscapeLeft UIInterfaceOrientationLandscapeRight";
				INFOPLIST_KEY_UISupportedInterfaceOrientations_iPhone = "UIInterfaceOrientationPortrait UIInterfaceOrientationLandscapeLeft UIInterfaceOrientationLandscapeRight";
				LD_RUNPATH_SEARCH_PATHS = (
					"$(inherited)",
					"@executable_path/Frameworks",
				);
				MARKETING_VERSION = 1.0;
				PRODUCT_BUNDLE_IDENTIFIER = com.jegouic.Umbrella;
				PRODUCT_NAME = "$(TARGET_NAME)";
				SWIFT_EMIT_LOC_STRINGS = YES;
				SWIFT_VERSION = 5.0;
				TARGETED_DEVICE_FAMILY = "1,2";
			};
			name = Debug;
		};
		FE2EF8E027D5059300EFEA40 /* Release */ = {
			isa = XCBuildConfiguration;
			buildSettings = {
				ASSETCATALOG_COMPILER_APPICON_NAME = AppIcon;
				ASSETCATALOG_COMPILER_GLOBAL_ACCENT_COLOR_NAME = AccentColor;
				CODE_SIGN_STYLE = Automatic;
				CURRENT_PROJECT_VERSION = 1;
				DEVELOPMENT_ASSET_PATHS = "\"Umbrella/Preview Content\"";
				ENABLE_PREVIEWS = YES;
				GENERATE_INFOPLIST_FILE = YES;
				INFOPLIST_KEY_UIApplicationSceneManifest_Generation = YES;
				INFOPLIST_KEY_UIApplicationSupportsIndirectInputEvents = YES;
				INFOPLIST_KEY_UILaunchScreen_Generation = YES;
				INFOPLIST_KEY_UILaunchStoryboardName = "Launch Screen";
				INFOPLIST_KEY_UISupportedInterfaceOrientations_iPad = "UIInterfaceOrientationPortrait UIInterfaceOrientationPortraitUpsideDown UIInterfaceOrientationLandscapeLeft UIInterfaceOrientationLandscapeRight";
				INFOPLIST_KEY_UISupportedInterfaceOrientations_iPhone = "UIInterfaceOrientationPortrait UIInterfaceOrientationLandscapeLeft UIInterfaceOrientationLandscapeRight";
				LD_RUNPATH_SEARCH_PATHS = (
					"$(inherited)",
					"@executable_path/Frameworks",
				);
				MARKETING_VERSION = 1.0;
				PRODUCT_BUNDLE_IDENTIFIER = com.jegouic.Umbrella;
				PRODUCT_NAME = "$(TARGET_NAME)";
				SWIFT_EMIT_LOC_STRINGS = YES;
				SWIFT_VERSION = 5.0;
				TARGETED_DEVICE_FAMILY = "1,2";
			};
			name = Release;
		};
		FE2EF8E227D5059300EFEA40 /* Debug */ = {
			isa = XCBuildConfiguration;
			buildSettings = {
				ALWAYS_EMBED_SWIFT_STANDARD_LIBRARIES = YES;
				BUNDLE_LOADER = "$(TEST_HOST)";
				CODE_SIGN_STYLE = Automatic;
				CURRENT_PROJECT_VERSION = 1;
				GENERATE_INFOPLIST_FILE = YES;
				IPHONEOS_DEPLOYMENT_TARGET = 15.2;
				MARKETING_VERSION = 1.0;
				PRODUCT_BUNDLE_IDENTIFIER = com.jegouic.UmbrellaTests;
				PRODUCT_NAME = "$(TARGET_NAME)";
				SWIFT_EMIT_LOC_STRINGS = NO;
				SWIFT_VERSION = 5.0;
				TARGETED_DEVICE_FAMILY = "1,2";
				TEST_HOST = "$(BUILT_PRODUCTS_DIR)/Umbrella.app/Umbrella";
			};
			name = Debug;
		};
		FE2EF8E327D5059300EFEA40 /* Release */ = {
			isa = XCBuildConfiguration;
			buildSettings = {
				ALWAYS_EMBED_SWIFT_STANDARD_LIBRARIES = YES;
				BUNDLE_LOADER = "$(TEST_HOST)";
				CODE_SIGN_STYLE = Automatic;
				CURRENT_PROJECT_VERSION = 1;
				GENERATE_INFOPLIST_FILE = YES;
				IPHONEOS_DEPLOYMENT_TARGET = 15.2;
				MARKETING_VERSION = 1.0;
				PRODUCT_BUNDLE_IDENTIFIER = com.jegouic.UmbrellaTests;
				PRODUCT_NAME = "$(TARGET_NAME)";
				SWIFT_EMIT_LOC_STRINGS = NO;
				SWIFT_VERSION = 5.0;
				TARGETED_DEVICE_FAMILY = "1,2";
				TEST_HOST = "$(BUILT_PRODUCTS_DIR)/Umbrella.app/Umbrella";
			};
			name = Release;
		};
		FE2EF8E527D5059300EFEA40 /* Debug */ = {
			isa = XCBuildConfiguration;
			buildSettings = {
				ALWAYS_EMBED_SWIFT_STANDARD_LIBRARIES = YES;
				CODE_SIGN_STYLE = Automatic;
				CURRENT_PROJECT_VERSION = 1;
				GENERATE_INFOPLIST_FILE = YES;
				MARKETING_VERSION = 1.0;
				PRODUCT_BUNDLE_IDENTIFIER = com.jegouic.UmbrellaUITests;
				PRODUCT_NAME = "$(TARGET_NAME)";
				SWIFT_EMIT_LOC_STRINGS = NO;
				SWIFT_VERSION = 5.0;
				TARGETED_DEVICE_FAMILY = "1,2";
				TEST_TARGET_NAME = Umbrella;
			};
			name = Debug;
		};
		FE2EF8E627D5059300EFEA40 /* Release */ = {
			isa = XCBuildConfiguration;
			buildSettings = {
				ALWAYS_EMBED_SWIFT_STANDARD_LIBRARIES = YES;
				CODE_SIGN_STYLE = Automatic;
				CURRENT_PROJECT_VERSION = 1;
				GENERATE_INFOPLIST_FILE = YES;
				MARKETING_VERSION = 1.0;
				PRODUCT_BUNDLE_IDENTIFIER = com.jegouic.UmbrellaUITests;
				PRODUCT_NAME = "$(TARGET_NAME)";
				SWIFT_EMIT_LOC_STRINGS = NO;
				SWIFT_VERSION = 5.0;
				TARGETED_DEVICE_FAMILY = "1,2";
				TEST_TARGET_NAME = Umbrella;
			};
			name = Release;
		};
/* End XCBuildConfiguration section */

/* Begin XCConfigurationList section */
		FE2EF8B527D5059100EFEA40 /* Build configuration list for PBXProject "Umbrella" */ = {
			isa = XCConfigurationList;
			buildConfigurations = (
				FE2EF8DC27D5059300EFEA40 /* Debug */,
				FE2EF8DD27D5059300EFEA40 /* Release */,
			);
			defaultConfigurationIsVisible = 0;
			defaultConfigurationName = Release;
		};
		FE2EF8DE27D5059300EFEA40 /* Build configuration list for PBXNativeTarget "Umbrella" */ = {
			isa = XCConfigurationList;
			buildConfigurations = (
				FE2EF8DF27D5059300EFEA40 /* Debug */,
				FE2EF8E027D5059300EFEA40 /* Release */,
			);
			defaultConfigurationIsVisible = 0;
			defaultConfigurationName = Release;
		};
		FE2EF8E127D5059300EFEA40 /* Build configuration list for PBXNativeTarget "UmbrellaTests" */ = {
			isa = XCConfigurationList;
			buildConfigurations = (
				FE2EF8E227D5059300EFEA40 /* Debug */,
				FE2EF8E327D5059300EFEA40 /* Release */,
			);
			defaultConfigurationIsVisible = 0;
			defaultConfigurationName = Release;
		};
		FE2EF8E427D5059300EFEA40 /* Build configuration list for PBXNativeTarget "UmbrellaUITests" */ = {
			isa = XCConfigurationList;
			buildConfigurations = (
				FE2EF8E527D5059300EFEA40 /* Debug */,
				FE2EF8E627D5059300EFEA40 /* Release */,
			);
			defaultConfigurationIsVisible = 0;
			defaultConfigurationName = Release;
		};
/* End XCConfigurationList section */
	};
	rootObject = FE2EF8B227D5059100EFEA40 /* Project object */;
}
